{
	"name": "@trutoo/docs",
	"version": "1.5.1",
	"lockfileVersion": 1,
	"requires": true,
	"dependencies": {
		"@trutoo/ui-icons": {
			"version": "1.6.0",
			"resolved": "https://npm.pkg.github.com/download/@trutoo/ui-icons/1.6.0/bc31777d01d2af4808fe2c72c89edfd88d137904d27aae768c4779a2142812a2",
			"integrity": "sha512-+lyranpd75Mk2o54lcADbZhLb2cluNzj88cN6l08+Py0OPb3ntTdxLgPWZ7gUlOuZqhM6qrS09GtVrNxOGMPYg=="
		}
	}
}
