{
	"name": "@trutoo/ui-typeahead",
	"version": "1.7.0",
	"lockfileVersion": 1,
	"requires": true,
	"dependencies": {
		"compute-scroll-into-view": {
			"version": "1.0.11",
			"resolved": "https://registry.npmjs.org/compute-scroll-into-view/-/compute-scroll-into-view-1.0.11.tgz",
			"integrity": "sha512-uUnglJowSe0IPmWOdDtrlHXof5CTIJitfJEyITHBW6zDVOGu9Pjk5puaLM73SLcwak0L4hEjO7Td88/a6P5i7A=="
		},
		"scroll-into-view-if-needed": {
			"version": "2.2.20",
			"resolved": "https://registry.npmjs.org/scroll-into-view-if-needed/-/scroll-into-view-if-needed-2.2.20.tgz",
			"integrity": "sha512-P9kYMrhi9f6dvWwTGpO5I3HgjSU/8Mts7xL3lkoH5xlewK7O9Obdc5WmMCzppln7bCVGNmf3qfoZXrpCeyNJXw==",
			"requires": {
				"compute-scroll-into-view": "1.0.11"
			}
		}
	}
}
